
Microsoft Visual Studio Solution File, Format Version 12.00
# Visual Studio Version 17
VisualStudioVersion = 17.3.32929.385
MinimumVisualStudioVersion = 10.0.40219.1
Project("{FAE04EC0-301F-11D3-BF4B-00C04F79EFBC}") = "Task2", "Task2\Task2.csproj", "{06FCE38D-94BC-4032-91E8-8B5A693825BA}"
EndProject
Global
	GlobalSection(SolutionConfigurationPlatforms) = preSolution
		Debug|Any CPU = Debug|Any CPU
		Release|Any CPU = Release|Any CPU
	EndGlobalSection
	GlobalSection(ProjectConfigurationPlatforms) = postSolution
		{06FCE38D-94BC-4032-91E8-8B5A693825BA}.Debug|Any CPU.ActiveCfg = Debug|Any CPU
		{06FCE38D-94BC-4032-91E8-8B5A693825BA}.Debug|Any CPU.Build.0 = Debug|Any CPU
		{06FCE38D-94BC-4032-91E8-8B5A693825BA}.Release|Any CPU.ActiveCfg = Release|Any CPU
		{06FCE38D-94BC-4032-91E8-8B5A693825BA}.Release|Any CPU.Build.0 = Release|Any CPU
	EndGlobalSection
	GlobalSection(SolutionProperties) = preSolution
		HideSolutionNode = FALSE
	EndGlobalSection
	GlobalSection(ExtensibilityGlobals) = postSolution
		SolutionGuid = {37770953-551A-43E8-9DDF-438B40FC07D1}
	EndGlobalSection
EndGlobal
